// !$*UTF8*$!
{
	archiveVersion = 1;
	classes = {
	};
	objectVersion = 46;
	objects = {

/* Begin PBXBuildFile section */
		731270931F6BDDBF00E209C9 /* Helper.cpp in Sources */ = {isa = PBXBuildFile; fileRef = 731270911F6BDDBF00E209C9 /* Helper.cpp */; };
		732DCFE81EDAD6CE009AC9C6 /* template.png in CopyFiles */ = {isa = PBXBuildFile; fileRef = 732DCFE71EDAD6C5009AC9C6 /* template.png */; };
		73327A631FB3116C0069470B /* trees.mp4 in CopyFiles */ = {isa = PBXBuildFile; fileRef = 7324BCFE1F67E5E2007091FD /* trees.mp4 */; };
		7333230B1EA8CDC2009C807E /* 1.mp4 in CopyFiles */ = {isa = PBXBuildFile; fileRef = 7333230A1EA8CD4D009C807E /* 1.mp4 */; };
		739048971E890E1200EED520 /* a.jpg in CopyFiles */ = {isa = PBXBuildFile; fileRef = 739048951E890D2600EED520 /* a.jpg */; };
		739048981E890E1200EED520 /* b.jpg in CopyFiles */ = {isa = PBXBuildFile; fileRef = 739048961E890D4400EED520 /* b.jpg */; };
		7393D01E1E51366D0012389A /* main.cpp in Sources */ = {isa = PBXBuildFile; fileRef = 7393D01D1E51366D0012389A /* main.cpp */; };
		73B0AC141ED4442E00FCED90 /* VideoProcessor.cpp in Sources */ = {isa = PBXBuildFile; fileRef = 73B0AC121ED4442E00FCED90 /* VideoProcessor.cpp */; };
		73B0AC171ED4444200FCED90 /* ImageProcessor.cpp in Sources */ = {isa = PBXBuildFile; fileRef = 73B0AC151ED4444200FCED90 /* ImageProcessor.cpp */; };
		73F59DD81EDC2F4C00A3E0A9 /* canvas.png in CopyFiles */ = {isa = PBXBuildFile; fileRef = 73F59DD71EDC2F4600A3E0A9 /* canvas.png */; };
/* End PBXBuildFile section */

/* Begin PBXCopyFilesBuildPhase section */
		7393D0181E51366D0012389A /* CopyFiles */ = {
			isa = PBXCopyFilesBuildPhase;
			buildActionMask = 12;
			dstPath = .;
			dstSubfolderSpec = 16;
			files = (
				73327A631FB3116C0069470B /* trees.mp4 in CopyFiles */,
				73F59DD81EDC2F4C00A3E0A9 /* canvas.png in CopyFiles */,
				732DCFE81EDAD6CE009AC9C6 /* template.png in CopyFiles */,
				7333230B1EA8CDC2009C807E /* 1.mp4 in CopyFiles */,
				739048971E890E1200EED520 /* a.jpg in CopyFiles */,
				739048981E890E1200EED520 /* b.jpg in CopyFiles */,
			);
			runOnlyForDeploymentPostprocessing = 0;
		};
/* End PBXCopyFilesBuildPhase section */

/* Begin PBXFileReference section */
		731270911F6BDDBF00E209C9 /* Helper.cpp */ = {isa = PBXFileReference; fileEncoding = 4; lastKnownFileType = sourcecode.cpp.cpp; path = Helper.cpp; sourceTree = "<group>"; };
		731270921F6BDDBF00E209C9 /* Helper.hpp */ = {isa = PBXFileReference; fileEncoding = 4; lastKnownFileType = sourcecode.cpp.h; path = Helper.hpp; sourceTree = "<group>"; };
		7324BCFE1F67E5E2007091FD /* trees.mp4 */ = {isa = PBXFileReference; lastKnownFileType = file; path = trees.mp4; sourceTree = "<group>"; };
		7324BCFF1F67E971007091FD /* main.hpp */ = {isa = PBXFileReference; lastKnownFileType = sourcecode.cpp.h; path = main.hpp; sourceTree = "<group>"; };
		732DCFE71EDAD6C5009AC9C6 /* template.png */ = {isa = PBXFileReference; lastKnownFileType = image.png; path = template.png; sourceTree = "<group>"; };
		7333230A1EA8CD4D009C807E /* 1.mp4 */ = {isa = PBXFileReference; lastKnownFileType = file; path = 1.mp4; sourceTree = "<group>"; };
		739048951E890D2600EED520 /* a.jpg */ = {isa = PBXFileReference; lastKnownFileType = image.jpeg; path = a.jpg; sourceTree = "<group>"; };
		739048961E890D4400EED520 /* b.jpg */ = {isa = PBXFileReference; lastKnownFileType = image.jpeg; path = b.jpg; sourceTree = "<group>"; };
		7393D01A1E51366D0012389A /* Hello-OpenCV */ = {isa = PBXFileReference; explicitFileType = "compiled.mach-o.executable"; includeInIndex = 0; path = "Hello-OpenCV"; sourceTree = BUILT_PRODUCTS_DIR; };
		7393D01D1E51366D0012389A /* main.cpp */ = {isa = PBXFileReference; lastKnownFileType = sourcecode.cpp.cpp; path = main.cpp; sourceTree = "<group>"; };
		739FF84C1F7675C100AC749F /* CodeBook.hpp */ = {isa = PBXFileReference; lastKnownFileType = sourcecode.cpp.h; path = CodeBook.hpp; sourceTree = "<group>"; };
		739FF84D1F7675C200AC749F /* CodeElement.hpp */ = {isa = PBXFileReference; lastKnownFileType = sourcecode.cpp.h; path = CodeElement.hpp; sourceTree = "<group>"; };
		73B0AC121ED4442E00FCED90 /* VideoProcessor.cpp */ = {isa = PBXFileReference; fileEncoding = 4; lastKnownFileType = sourcecode.cpp.cpp; path = VideoProcessor.cpp; sourceTree = "<group>"; };
		73B0AC131ED4442E00FCED90 /* VideoProcessor.hpp */ = {isa = PBXFileReference; fileEncoding = 4; lastKnownFileType = sourcecode.cpp.h; path = VideoProcessor.hpp; sourceTree = "<group>"; };
		73B0AC151ED4444200FCED90 /* ImageProcessor.cpp */ = {isa = PBXFileReference; fileEncoding = 4; lastKnownFileType = sourcecode.cpp.cpp; path = ImageProcessor.cpp; sourceTree = "<group>"; };
		73B0AC161ED4444200FCED90 /* ImageProcessor.hpp */ = {isa = PBXFileReference; fileEncoding = 4; lastKnownFileType = sourcecode.cpp.h; path = ImageProcessor.hpp; sourceTree = "<group>"; };
		73F59DD71EDC2F4600A3E0A9 /* canvas.png */ = {isa = PBXFileReference; lastKnownFileType = image.png; path = canvas.png; sourceTree = "<group>"; };
/* End PBXFileReference section */

/* Begin PBXFrameworksBuildPhase section */
		7393D0171E51366D0012389A /* Frameworks */ = {
			isa = PBXFrameworksBuildPhase;
			buildActionMask = 2147483647;
			files = (
			);
			runOnlyForDeploymentPostprocessing = 0;
		};
/* End PBXFrameworksBuildPhase section */

/* Begin PBXGroup section */
		7393D0111E51366D0012389A = {
			isa = PBXGroup;
			children = (
				7393D01C1E51366D0012389A /* Hello-OpenCV */,
				7393D01B1E51366D0012389A /* Products */,
			);
			sourceTree = "<group>";
		};
		7393D01B1E51366D0012389A /* Products */ = {
			isa = PBXGroup;
			children = (
				7393D01A1E51366D0012389A /* Hello-OpenCV */,
			);
			name = Products;
			sourceTree = "<group>";
		};
		7393D01C1E51366D0012389A /* Hello-OpenCV */ = {
			isa = PBXGroup;
			children = (
				73B0AC101ED443E400FCED90 /* Image Samples */,
				73B0AC111ED443EB00FCED90 /* Video Samples */,
				7324BCFF1F67E971007091FD /* main.hpp */,
				7393D01D1E51366D0012389A /* main.cpp */,
				739FF84D1F7675C200AC749F /* CodeElement.hpp */,
				739FF84C1F7675C100AC749F /* CodeBook.hpp */,
				73B0AC121ED4442E00FCED90 /* VideoProcessor.cpp */,
				73B0AC131ED4442E00FCED90 /* VideoProcessor.hpp */,
				73B0AC151ED4444200FCED90 /* ImageProcessor.cpp */,
				73B0AC161ED4444200FCED90 /* ImageProcessor.hpp */,
				731270911F6BDDBF00E209C9 /* Helper.cpp */,
				731270921F6BDDBF00E209C9 /* Helper.hpp */,
			);
			path = "Hello-OpenCV";
			sourceTree = "<group>";
		};
		73B0AC101ED443E400FCED90 /* Image Samples */ = {
			isa = PBXGroup;
			children = (
				732DCFE71EDAD6C5009AC9C6 /* template.png */,
				73F59DD71EDC2F4600A3E0A9 /* canvas.png */,
				739048951E890D2600EED520 /* a.jpg */,
				739048961E890D4400EED520 /* b.jpg */,
			);
			name = "Image Samples";
			sourceTree = "<group>";
		};
		73B0AC111ED443EB00FCED90 /* Video Samples */ = {
			isa = PBXGroup;
			children = (
				7333230A1EA8CD4D009C807E /* 1.mp4 */,
				7324BCFE1F67E5E2007091FD /* trees.mp4 */,
			);
			name = "Video Samples";
			sourceTree = "<group>";
		};
/* End PBXGroup section */

/* Begin PBXNativeTarget section */
		7393D0191E51366D0012389A /* Hello-OpenCV */ = {
			isa = PBXNativeTarget;
			buildConfigurationList = 7393D0211E51366D0012389A /* Build configuration list for PBXNativeTarget "Hello-OpenCV" */;
			buildPhases = (
				7393D0161E51366D0012389A /* Sources */,
				7393D0171E51366D0012389A /* Frameworks */,
				7393D0181E51366D0012389A /* CopyFiles */,
			);
			buildRules = (
			);
			dependencies = (
			);
			name = "Hello-OpenCV";
			productName = "Hello-OpenCV";
			productReference = 7393D01A1E51366D0012389A /* Hello-OpenCV */;
			productType = "com.apple.product-type.tool";
		};
/* End PBXNativeTarget section */

/* Begin PBXProject section */
		7393D0121E51366D0012389A /* Project object */ = {
			isa = PBXProject;
			attributes = {
				LastUpgradeCheck = 0900;
				ORGANIZATIONNAME = nspool;
				TargetAttributes = {
					7393D0191E51366D0012389A = {
						CreatedOnToolsVersion = 8.2;
						ProvisioningStyle = Manual;
					};
				};
			};
			buildConfigurationList = 7393D0151E51366D0012389A /* Build configuration list for PBXProject "Hello-OpenCV" */;
			compatibilityVersion = "Xcode 3.2";
			developmentRegion = English;
			hasScannedForEncodings = 0;
			knownRegions = (
				en,
			);
			mainGroup = 7393D0111E51366D0012389A;
			productRefGroup = 7393D01B1E51366D0012389A /* Products */;
			projectDirPath = "";
			projectRoot = "";
			targets = (
				7393D0191E51366D0012389A /* Hello-OpenCV */,
			);
		};
/* End PBXProject section */

/* Begin PBXSourcesBuildPhase section */
		7393D0161E51366D0012389A /* Sources */ = {
			isa = PBXSourcesBuildPhase;
			buildActionMask = 2147483647;
			files = (
				73B0AC171ED4444200FCED90 /* ImageProcessor.cpp in Sources */,
				73B0AC141ED4442E00FCED90 /* VideoProcessor.cpp in Sources */,
				7393D01E1E51366D0012389A /* main.cpp in Sources */,
				731270931F6BDDBF00E209C9 /* Helper.cpp in Sources */,
			);
			runOnlyForDeploymentPostprocessing = 0;
		};
/* End PBXSourcesBuildPhase section */

/* Begin XCBuildConfiguration section */
		7393D01F1E51366D0012389A /* Debug */ = {
			isa = XCBuildConfiguration;
			buildSettings = {
				ALWAYS_SEARCH_USER_PATHS = NO;
				CLANG_ANALYZER_NONNULL = YES;
				CLANG_CXX_LANGUAGE_STANDARD = "gnu++0x";
				CLANG_CXX_LIBRARY = "libc++";
				CLANG_ENABLE_MODULES = YES;
				CLANG_ENABLE_OBJC_ARC = YES;
				CLANG_WARN_BLOCK_CAPTURE_AUTORELEASING = YES;
				CLANG_WARN_BOOL_CONVERSION = YES;
				CLANG_WARN_COMMA = YES;
				CLANG_WARN_CONSTANT_CONVERSION = YES;
				CLANG_WARN_DIRECT_OBJC_ISA_USAGE = YES_ERROR;
				CLANG_WARN_DOCUMENTATION_COMMENTS = YES;
				CLANG_WARN_EMPTY_BODY = YES;
				CLANG_WARN_ENUM_CONVERSION = YES;
				CLANG_WARN_INFINITE_RECURSION = YES;
				CLANG_WARN_INT_CONVERSION = YES;
				CLANG_WARN_NON_LITERAL_NULL_CONVERSION = YES;
				CLANG_WARN_OBJC_LITERAL_CONVERSION = YES;
				CLANG_WARN_OBJC_ROOT_CLASS = YES_ERROR;
				CLANG_WARN_RANGE_LOOP_ANALYSIS = YES;
				CLANG_WARN_STRICT_PROTOTYPES = YES;
				CLANG_WARN_SUSPICIOUS_MOVE = YES;
				CLANG_WARN_UNREACHABLE_CODE = YES;
				CLANG_WARN__DUPLICATE_METHOD_MATCH = YES;
				CODE_SIGN_IDENTITY = "-";
				COPY_PHASE_STRIP = NO;
				DEBUG_INFORMATION_FORMAT = dwarf;
				ENABLE_STRICT_OBJC_MSGSEND = YES;
				ENABLE_TESTABILITY = YES;
				GCC_C_LANGUAGE_STANDARD = gnu99;
				GCC_DYNAMIC_NO_PIC = NO;
				GCC_NO_COMMON_BLOCKS = YES;
				GCC_OPTIMIZATION_LEVEL = 0;
				GCC_PREPROCESSOR_DEFINITIONS = (
					"DEBUG=1",
					"$(inherited)",
				);
				GCC_WARN_64_TO_32_BIT_CONVERSION = YES;
				GCC_WARN_ABOUT_RETURN_TYPE = YES_ERROR;
				GCC_WARN_UNDECLARED_SELECTOR = YES;
				GCC_WARN_UNINITIALIZED_AUTOS = YES_AGGRESSIVE;
				GCC_WARN_UNUSED_FUNCTION = YES;
				GCC_WARN_UNUSED_VARIABLE = YES;
				MACOSX_DEPLOYMENT_TARGET = 10.12;
				MTL_ENABLE_DEBUG_INFO = YES;
				ONLY_ACTIVE_ARCH = YES;
				SDKROOT = macosx;
			};
			name = Debug;
		};
		7393D0201E51366D0012389A /* Release */ = {
			isa = XCBuildConfiguration;
			buildSettings = {
				ALWAYS_SEARCH_USER_PATHS = NO;
				CLANG_ANALYZER_NONNULL = YES;
				CLANG_CXX_LANGUAGE_STANDARD = "gnu++0x";
				CLANG_CXX_LIBRARY = "libc++";
				CLANG_ENABLE_MODULES = YES;
				CLANG_ENABLE_OBJC_ARC = YES;
				CLANG_WARN_BLOCK_CAPTURE_AUTORELEASING = YES;
				CLANG_WARN_BOOL_CONVERSION = YES;
				CLANG_WARN_COMMA = YES;
				CLANG_WARN_CONSTANT_CONVERSION = YES;
				CLANG_WARN_DIRECT_OBJC_ISA_USAGE = YES_ERROR;
				CLANG_WARN_DOCUMENTATION_COMMENTS = YES;
				CLANG_WARN_EMPTY_BODY = YES;
				CLANG_WARN_ENUM_CONVERSION = YES;
				CLANG_WARN_INFINITE_RECURSION = YES;
				CLANG_WARN_INT_CONVERSION = YES;
				CLANG_WARN_NON_LITERAL_NULL_CONVERSION = YES;
				CLANG_WARN_OBJC_LITERAL_CONVERSION = YES;
				CLANG_WARN_OBJC_ROOT_CLASS = YES_ERROR;
				CLANG_WARN_RANGE_LOOP_ANALYSIS = YES;
				CLANG_WARN_STRICT_PROTOTYPES = YES;
				CLANG_WARN_SUSPICIOUS_MOVE = YES;
				CLANG_WARN_UNREACHABLE_CODE = YES;
				CLANG_WARN__DUPLICATE_METHOD_MATCH = YES;
				CODE_SIGN_IDENTITY = "-";
				COPY_PHASE_STRIP = NO;
				DEBUG_INFORMATION_FORMAT = "dwarf-with-dsym";
				ENABLE_NS_ASSERTIONS = NO;
				ENABLE_STRICT_OBJC_MSGSEND = YES;
				GCC_C_LANGUAGE_STANDARD = gnu99;
				GCC_NO_COMMON_BLOCKS = YES;
				GCC_WARN_64_TO_32_BIT_CONVERSION = YES;
				GCC_WARN_ABOUT_RETURN_TYPE = YES_ERROR;
				GCC_WARN_UNDECLARED_SELECTOR = YES;
				GCC_WARN_UNINITIALIZED_AUTOS = YES_AGGRESSIVE;
				GCC_WARN_UNUSED_FUNCTION = YES;
				GCC_WARN_UNUSED_VARIABLE = YES;
				MACOSX_DEPLOYMENT_TARGET = 10.12;
				MTL_ENABLE_DEBUG_INFO = NO;
				SDKROOT = macosx;
			};
			name = Release;
		};
		7393D0221E51366D0012389A /* Debug */ = {
			isa = XCBuildConfiguration;
			buildSettings = {
				CODE_SIGN_STYLE = Manual;
				DEVELOPMENT_TEAM = "";
				FRAMEWORK_SEARCH_PATHS = (
					"$(inherited)",
					"$(LOCAL_LIBRARY_DIR)/Frameworks",
				);
				HEADER_SEARCH_PATHS = /usr/local/include;
				LIBRARY_SEARCH_PATHS = /usr/local/lib;
				OTHER_LDFLAGS = (
					"-lopencv_shape",
					"-lopencv_stitching",
					"-lopencv_objdetect",
					"-lopencv_superres",
					"-lopencv_videostab",
					"-lopencv_calib3d",
					"-lopencv_features2d",
					"-lopencv_highgui",
					"-lopencv_videoio",
					"-lopencv_imgcodecs",
					"-lopencv_video",
					"-lopencv_photo",
					"-lopencv_ml",
					"-lopencv_imgproc",
					"-lopencv_flann",
					"-lopencv_core",
				);
				PRODUCT_NAME = "$(TARGET_NAME)";
				PROVISIONING_PROFILE_SPECIFIER = "";
			};
			name = Debug;
		};
		7393D0231E51366D0012389A /* Release */ = {
			isa = XCBuildConfiguration;
			buildSettings = {
				CODE_SIGN_STYLE = Manual;
				DEVELOPMENT_TEAM = "";
				FRAMEWORK_SEARCH_PATHS = (
					"$(inherited)",
					"$(LOCAL_LIBRARY_DIR)/Frameworks",
				);
				HEADER_SEARCH_PATHS = /usr/local/include;
				LIBRARY_SEARCH_PATHS = /usr/local/lib;
				OTHER_LDFLAGS = (
					"-lopencv_shape",
					"-lopencv_stitching",
					"-lopencv_objdetect",
					"-lopencv_superres",
					"-lopencv_videostab",
					"-lopencv_calib3d",
					"-lopencv_features2d",
					"-lopencv_highgui",
					"-lopencv_videoio",
					"-lopencv_imgcodecs",
					"-lopencv_video",
					"-lopencv_photo",
					"-lopencv_ml",
					"-lopencv_imgproc",
					"-lopencv_flann",
					"-lopencv_core",
				);
				PRODUCT_NAME = "$(TARGET_NAME)";
				PROVISIONING_PROFILE_SPECIFIER = "";
			};
			name = Release;
		};
/* End XCBuildConfiguration section */

/* Begin XCConfigurationList section */
		7393D0151E51366D0012389A /* Build configuration list for PBXProject "Hello-OpenCV" */ = {
			isa = XCConfigurationList;
			buildConfigurations = (
				7393D01F1E51366D0012389A /* Debug */,
				7393D0201E51366D0012389A /* Release */,
			);
			defaultConfigurationIsVisible = 0;
			defaultConfigurationName = Release;
		};
		7393D0211E51366D0012389A /* Build configuration list for PBXNativeTarget "Hello-OpenCV" */ = {
			isa = XCConfigurationList;
			buildConfigurations = (
				7393D0221E51366D0012389A /* Debug */,
				7393D0231E51366D0012389A /* Release */,
			);
			defaultConfigurationIsVisible = 0;
			defaultConfigurationName = Release;
		};
/* End XCConfigurationList section */
	};
	rootObject = 7393D0121E51366D0012389A /* Project object */;
}
